
Microsoft Visual Studio Solution File, Format Version 12.00
# Visual Studio Version 16
VisualStudioVersion = 16.0.29230.47
MinimumVisualStudioVersion = 10.0.40219.1
Project("{FAE04EC0-301F-11D3-BF4B-00C04F79EFBC}") = "ApplicationSwitcher", "ApplicationSwitcher.csproj", "{B2B52B55-BA98-4E38-935A-53B6FF6A071A}"
EndProject
Global
	GlobalSection(SolutionConfigurationPlatforms) = preSolution
		Debug|Any CPU = Debug|Any CPU
		Release|Any CPU = Release|Any CPU
	EndGlobalSection
	GlobalSection(ProjectConfigurationPlatforms) = postSolution
		{B2B52B55-BA98-4E38-935A-53B6FF6A071A}.Debug|Any CPU.ActiveCfg = Debug|Any CPU
		{B2B52B55-BA98-4E38-935A-53B6FF6A071A}.Debug|Any CPU.Build.0 = Debug|Any CPU
		{B2B52B55-BA98-4E38-935A-53B6FF6A071A}.Release|Any CPU.ActiveCfg = Release|Any CPU
		{B2B52B55-BA98-4E38-935A-53B6FF6A071A}.Release|Any CPU.Build.0 = Release|Any CPU
	EndGlobalSection
	GlobalSection(SolutionProperties) = preSolution
		HideSolutionNode = FALSE
	EndGlobalSection
	GlobalSection(ExtensibilityGlobals) = postSolution
		SolutionGuid = {85580549-9502-4912-87B8-B96FD83CE33B}
	EndGlobalSection
EndGlobal
